
Microsoft Visual Studio Solution File, Format Version 12.00
# Visual Studio 14
VisualStudioVersion = 14.0.25420.1
MinimumVisualStudioVersion = 10.0.40219.1
Project("{2150E333-8FDC-42A3-9474-1A3956D46DE8}") = "Common", "Common", "{89A44832-5EBF-46C4-9BCC-33EFB8095110}"
EndProject
Project("{FAE04EC0-301F-11D3-BF4B-00C04F79EFBC}") = "DomurTech.Core", "Common\DomurTech.Core\DomurTech.Core.csproj", "{75E64AA9-2D1B-47A1-8303-385DCE954286}"
EndProject
Project("{FAE04EC0-301F-11D3-BF4B-00C04F79EFBC}") = "DomurTech.Helpers", "Common\DomurTech.Helpers\DomurTech.Helpers.csproj", "{A8B800EF-C737-4752-9535-C96F39423AC8}"
EndProject
Project("{FAE04EC0-301F-11D3-BF4B-00C04F79EFBC}") = "DomurTech.Globalization", "Common\DomurTech.Globalization\DomurTech.Globalization.csproj", "{33AB691C-AE9C-4317-B37C-8DA558783EF6}"
EndProject
Project("{FAE04EC0-301F-11D3-BF4B-00C04F79EFBC}") = "DomurTech.Validation", "Common\DomurTech.Validation\DomurTech.Validation.csproj", "{7F7E40A3-8873-4CE8-9C39-4F02D2273430}"
EndProject
Project("{FAE04EC0-301F-11D3-BF4B-00C04F79EFBC}") = "DomurTech.Exceptions", "Common\DomurTech.Exceptions\DomurTech.Exceptions.csproj", "{EF3695EB-487D-4602-8391-EE92E30C7D39}"
EndProject
Project("{FAE04EC0-301F-11D3-BF4B-00C04F79EFBC}") = "DomurTech.Providers", "Common\DomurTech.Providers\DomurTech.Providers.csproj", "{788E15FC-D23D-43D6-ADC2-130DF1460346}"
EndProject
Project("{FAE04EC0-301F-11D3-BF4B-00C04F79EFBC}") = "DomurTech.Messaging", "Common\DomurTech.Messaging\DomurTech.Messaging.csproj", "{4B3E1877-98D6-4758-91BC-98D8365559DD}"
EndProject
Project("{2150E333-8FDC-42A3-9474-1A3956D46DE8}") = "Data", "Data", "{60B49221-666F-4C2F-8F0F-972B2C88AE89}"
EndProject
Project("{FAE04EC0-301F-11D3-BF4B-00C04F79EFBC}") = "DomurTech.ERP.Data.Entities", "Data\DomurTech.ERP.Data.Entities\DomurTech.ERP.Data.Entities.csproj", "{9286EBC5-E85C-403D-AC18-93DF8B6F4DA0}"
EndProject
Project("{FAE04EC0-301F-11D3-BF4B-00C04F79EFBC}") = "DomurTech.ERP.Data.Access", "Data\DomurTech.ERP.Data.Access\DomurTech.ERP.Data.Access.csproj", "{F123CB49-EA58-40A4-A185-F9831FAA4E03}"
EndProject
Project("{2150E333-8FDC-42A3-9474-1A3956D46DE8}") = "Business", "Business", "{6AEA17DB-BA7E-40FE-9F8A-49427899D1A9}"
EndProject
Project("{FAE04EC0-301F-11D3-BF4B-00C04F79EFBC}") = "DomurTech.ERP.Business.Entities", "Business\DomurTech.ERP.Business.Entities\DomurTech.ERP.Business.Entities.csproj", "{403BF19D-1FF7-4AFE-8660-8419835A57BC}"
EndProject
Project("{FAE04EC0-301F-11D3-BF4B-00C04F79EFBC}") = "DomurTech.ERP.Business.Managers", "Business\DomurTech.ERP.Business.Managers\DomurTech.ERP.Business.Managers.csproj", "{5F39FBF5-A5A4-4103-AB8B-247B1AC188DE}"
EndProject
Project("{FAE04EC0-301F-11D3-BF4B-00C04F79EFBC}") = "DomurTech.ERP.Business.ValidationRules", "Business\DomurTech.ERP.Business.ValidationRules\DomurTech.ERP.Business.ValidationRules.csproj", "{3D9528F0-A3AF-45A5-89D3-F5654A651492}"
EndProject
Project("{2150E333-8FDC-42A3-9474-1A3956D46DE8}") = "UI", "UI", "{0E5C96B8-2468-486F-95E6-8ADFE52231AB}"
EndProject
Project("{2150E333-8FDC-42A3-9474-1A3956D46DE8}") = "Web", "Web", "{C503D4C3-A023-41B1-92DF-8C2F8B31D5D7}"
EndProject
Project("{FAE04EC0-301F-11D3-BF4B-00C04F79EFBC}") = "DomurTech.ERP.UI.Web.Common", "UI\Web\DomurTech.ERP.UI.Web.Common\DomurTech.ERP.UI.Web.Common.csproj", "{670FF551-3264-4D5F-B6BC-58468217A02A}"
EndProject
Project("{FAE04EC0-301F-11D3-BF4B-00C04F79EFBC}") = "DomurTech.ERP.UI.Web.Application", "UI\Web\DomurTech.ERP.UI.Web.Application\DomurTech.ERP.UI.Web.Application.csproj", "{39BA999E-7F05-456A-9BF8-47BA912100AB}"
EndProject
Global
	GlobalSection(SolutionConfigurationPlatforms) = preSolution
		Debug|Any CPU = Debug|Any CPU
		Release|Any CPU = Release|Any CPU
	EndGlobalSection
	GlobalSection(ProjectConfigurationPlatforms) = postSolution
		{75E64AA9-2D1B-47A1-8303-385DCE954286}.Debug|Any CPU.ActiveCfg = Debug|Any CPU
		{75E64AA9-2D1B-47A1-8303-385DCE954286}.Debug|Any CPU.Build.0 = Debug|Any CPU
		{75E64AA9-2D1B-47A1-8303-385DCE954286}.Release|Any CPU.ActiveCfg = Release|Any CPU
		{75E64AA9-2D1B-47A1-8303-385DCE954286}.Release|Any CPU.Build.0 = Release|Any CPU
		{A8B800EF-C737-4752-9535-C96F39423AC8}.Debug|Any CPU.ActiveCfg = Debug|Any CPU
		{A8B800EF-C737-4752-9535-C96F39423AC8}.Debug|Any CPU.Build.0 = Debug|Any CPU
		{A8B800EF-C737-4752-9535-C96F39423AC8}.Release|Any CPU.ActiveCfg = Release|Any CPU
		{A8B800EF-C737-4752-9535-C96F39423AC8}.Release|Any CPU.Build.0 = Release|Any CPU
		{33AB691C-AE9C-4317-B37C-8DA558783EF6}.Debug|Any CPU.ActiveCfg = Debug|Any CPU
		{33AB691C-AE9C-4317-B37C-8DA558783EF6}.Debug|Any CPU.Build.0 = Debug|Any CPU
		{33AB691C-AE9C-4317-B37C-8DA558783EF6}.Release|Any CPU.ActiveCfg = Release|Any CPU
		{33AB691C-AE9C-4317-B37C-8DA558783EF6}.Release|Any CPU.Build.0 = Release|Any CPU
		{7F7E40A3-8873-4CE8-9C39-4F02D2273430}.Debug|Any CPU.ActiveCfg = Debug|Any CPU
		{7F7E40A3-8873-4CE8-9C39-4F02D2273430}.Debug|Any CPU.Build.0 = Debug|Any CPU
		{7F7E40A3-8873-4CE8-9C39-4F02D2273430}.Release|Any CPU.ActiveCfg = Release|Any CPU
		{7F7E40A3-8873-4CE8-9C39-4F02D2273430}.Release|Any CPU.Build.0 = Release|Any CPU
		{EF3695EB-487D-4602-8391-EE92E30C7D39}.Debug|Any CPU.ActiveCfg = Debug|Any CPU
		{EF3695EB-487D-4602-8391-EE92E30C7D39}.Debug|Any CPU.Build.0 = Debug|Any CPU
		{EF3695EB-487D-4602-8391-EE92E30C7D39}.Release|Any CPU.ActiveCfg = Release|Any CPU
		{EF3695EB-487D-4602-8391-EE92E30C7D39}.Release|Any CPU.Build.0 = Release|Any CPU
		{788E15FC-D23D-43D6-ADC2-130DF1460346}.Debug|Any CPU.ActiveCfg = Debug|Any CPU
		{788E15FC-D23D-43D6-ADC2-130DF1460346}.Debug|Any CPU.Build.0 = Debug|Any CPU
		{788E15FC-D23D-43D6-ADC2-130DF1460346}.Release|Any CPU.ActiveCfg = Release|Any CPU
		{788E15FC-D23D-43D6-ADC2-130DF1460346}.Release|Any CPU.Build.0 = Release|Any CPU
		{4B3E1877-98D6-4758-91BC-98D8365559DD}.Debug|Any CPU.ActiveCfg = Debug|Any CPU
		{4B3E1877-98D6-4758-91BC-98D8365559DD}.Debug|Any CPU.Build.0 = Debug|Any CPU
		{4B3E1877-98D6-4758-91BC-98D8365559DD}.Release|Any CPU.ActiveCfg = Release|Any CPU
		{4B3E1877-98D6-4758-91BC-98D8365559DD}.Release|Any CPU.Build.0 = Release|Any CPU
		{9286EBC5-E85C-403D-AC18-93DF8B6F4DA0}.Debug|Any CPU.ActiveCfg = Debug|Any CPU
		{9286EBC5-E85C-403D-AC18-93DF8B6F4DA0}.Debug|Any CPU.Build.0 = Debug|Any CPU
		{9286EBC5-E85C-403D-AC18-93DF8B6F4DA0}.Release|Any CPU.ActiveCfg = Release|Any CPU
		{9286EBC5-E85C-403D-AC18-93DF8B6F4DA0}.Release|Any CPU.Build.0 = Release|Any CPU
		{F123CB49-EA58-40A4-A185-F9831FAA4E03}.Debug|Any CPU.ActiveCfg = Debug|Any CPU
		{F123CB49-EA58-40A4-A185-F9831FAA4E03}.Debug|Any CPU.Build.0 = Debug|Any CPU
		{F123CB49-EA58-40A4-A185-F9831FAA4E03}.Release|Any CPU.ActiveCfg = Release|Any CPU
		{F123CB49-EA58-40A4-A185-F9831FAA4E03}.Release|Any CPU.Build.0 = Release|Any CPU
		{403BF19D-1FF7-4AFE-8660-8419835A57BC}.Debug|Any CPU.ActiveCfg = Debug|Any CPU
		{403BF19D-1FF7-4AFE-8660-8419835A57BC}.Debug|Any CPU.Build.0 = Debug|Any CPU
		{403BF19D-1FF7-4AFE-8660-8419835A57BC}.Release|Any CPU.ActiveCfg = Release|Any CPU
		{403BF19D-1FF7-4AFE-8660-8419835A57BC}.Release|Any CPU.Build.0 = Release|Any CPU
		{5F39FBF5-A5A4-4103-AB8B-247B1AC188DE}.Debug|Any CPU.ActiveCfg = Debug|Any CPU
		{5F39FBF5-A5A4-4103-AB8B-247B1AC188DE}.Debug|Any CPU.Build.0 = Debug|Any CPU
		{5F39FBF5-A5A4-4103-AB8B-247B1AC188DE}.Release|Any CPU.ActiveCfg = Release|Any CPU
		{5F39FBF5-A5A4-4103-AB8B-247B1AC188DE}.Release|Any CPU.Build.0 = Release|Any CPU
		{3D9528F0-A3AF-45A5-89D3-F5654A651492}.Debug|Any CPU.ActiveCfg = Debug|Any CPU
		{3D9528F0-A3AF-45A5-89D3-F5654A651492}.Debug|Any CPU.Build.0 = Debug|Any CPU
		{3D9528F0-A3AF-45A5-89D3-F5654A651492}.Release|Any CPU.ActiveCfg = Release|Any CPU
		{3D9528F0-A3AF-45A5-89D3-F5654A651492}.Release|Any CPU.Build.0 = Release|Any CPU
		{670FF551-3264-4D5F-B6BC-58468217A02A}.Debug|Any CPU.ActiveCfg = Debug|Any CPU
		{670FF551-3264-4D5F-B6BC-58468217A02A}.Debug|Any CPU.Build.0 = Debug|Any CPU
		{670FF551-3264-4D5F-B6BC-58468217A02A}.Release|Any CPU.ActiveCfg = Release|Any CPU
		{670FF551-3264-4D5F-B6BC-58468217A02A}.Release|Any CPU.Build.0 = Release|Any CPU
		{39BA999E-7F05-456A-9BF8-47BA912100AB}.Debug|Any CPU.ActiveCfg = Debug|Any CPU
		{39BA999E-7F05-456A-9BF8-47BA912100AB}.Debug|Any CPU.Build.0 = Debug|Any CPU
		{39BA999E-7F05-456A-9BF8-47BA912100AB}.Release|Any CPU.ActiveCfg = Release|Any CPU
		{39BA999E-7F05-456A-9BF8-47BA912100AB}.Release|Any CPU.Build.0 = Release|Any CPU
	EndGlobalSection
	GlobalSection(SolutionProperties) = preSolution
		HideSolutionNode = FALSE
	EndGlobalSection
	GlobalSection(NestedProjects) = preSolution
		{75E64AA9-2D1B-47A1-8303-385DCE954286} = {89A44832-5EBF-46C4-9BCC-33EFB8095110}
		{A8B800EF-C737-4752-9535-C96F39423AC8} = {89A44832-5EBF-46C4-9BCC-33EFB8095110}
		{33AB691C-AE9C-4317-B37C-8DA558783EF6} = {89A44832-5EBF-46C4-9BCC-33EFB8095110}
		{7F7E40A3-8873-4CE8-9C39-4F02D2273430} = {89A44832-5EBF-46C4-9BCC-33EFB8095110}
		{EF3695EB-487D-4602-8391-EE92E30C7D39} = {89A44832-5EBF-46C4-9BCC-33EFB8095110}
		{788E15FC-D23D-43D6-ADC2-130DF1460346} = {89A44832-5EBF-46C4-9BCC-33EFB8095110}
		{4B3E1877-98D6-4758-91BC-98D8365559DD} = {89A44832-5EBF-46C4-9BCC-33EFB8095110}
		{9286EBC5-E85C-403D-AC18-93DF8B6F4DA0} = {60B49221-666F-4C2F-8F0F-972B2C88AE89}
		{F123CB49-EA58-40A4-A185-F9831FAA4E03} = {60B49221-666F-4C2F-8F0F-972B2C88AE89}
		{403BF19D-1FF7-4AFE-8660-8419835A57BC} = {6AEA17DB-BA7E-40FE-9F8A-49427899D1A9}
		{5F39FBF5-A5A4-4103-AB8B-247B1AC188DE} = {6AEA17DB-BA7E-40FE-9F8A-49427899D1A9}
		{3D9528F0-A3AF-45A5-89D3-F5654A651492} = {6AEA17DB-BA7E-40FE-9F8A-49427899D1A9}
		{C503D4C3-A023-41B1-92DF-8C2F8B31D5D7} = {0E5C96B8-2468-486F-95E6-8ADFE52231AB}
		{670FF551-3264-4D5F-B6BC-58468217A02A} = {C503D4C3-A023-41B1-92DF-8C2F8B31D5D7}
		{39BA999E-7F05-456A-9BF8-47BA912100AB} = {C503D4C3-A023-41B1-92DF-8C2F8B31D5D7}
	EndGlobalSection
EndGlobal
